{
    "_meta": {
        "hash": {
            "sha256": "8c5732b306822aa70ba9441c6cd9364d563841e17ec0ec628d9ee8bc30471c7f"
        },
        "pipfile-spec": 6,
        "requires": {
            "python_full_version": "3.10"
        },
        "sources": [
            {
                "name": "pypi",
                "url": "https://pypi.org/simple",
                "verify_ssl": true
            }
        ]
    },
    "default": {},
    "develop": {}
}
